
Microsoft Visual Studio Solution File, Format Version 12.00
# Visual Studio Version 16
VisualStudioVersion = 16.0.30204.135
MinimumVisualStudioVersion = 10.0.40219.1
Project("{FAE04EC0-301F-11D3-BF4B-00C04F79EFBC}") = "ContosoUniversity", "ContosoUniversity\ContosoUniversity.csproj", "{B5B6EC93-ACC1-4FDF-B349-4A6332C3AD92}"
EndProject
Global
	GlobalSection(SolutionConfigurationPlatforms) = preSolution
		Debug|Any CPU = Debug|Any CPU
		Release|Any CPU = Release|Any CPU
	EndGlobalSection
	GlobalSection(ProjectConfigurationPlatforms) = postSolution
		{B5B6EC93-ACC1-4FDF-B349-4A6332C3AD92}.Debug|Any CPU.ActiveCfg = Debug|Any CPU
		{B5B6EC93-ACC1-4FDF-B349-4A6332C3AD92}.Debug|Any CPU.Build.0 = Debug|Any CPU
		{B5B6EC93-ACC1-4FDF-B349-4A6332C3AD92}.Release|Any CPU.ActiveCfg = Release|Any CPU
		{B5B6EC93-ACC1-4FDF-B349-4A6332C3AD92}.Release|Any CPU.Build.0 = Release|Any CPU
	EndGlobalSection
	GlobalSection(SolutionProperties) = preSolution
		HideSolutionNode = FALSE
	EndGlobalSection
	GlobalSection(ExtensibilityGlobals) = postSolution
		SolutionGuid = {1CE6AF15-A597-4651-BC25-6DCA17893AD4}
	EndGlobalSection
EndGlobal
